# THIS IS AN AUTOGENERATED FILE. DO NOT EDIT THIS FILE DIRECTLY.
# yarn lockfile v1


"@babel/runtime@^7.15.3":
  version "7.15.3"
  resolved "https://registry.yarnpkg.com/@babel/runtime/-/runtime-7.15.3.tgz#2e1c2880ca118e5b2f9988322bd8a7656a32502b"
  integrity sha512-OvwMLqNXkCXSz1kSm58sEsNuhqOx/fKpnUnKnFB5v8uDda5bLNEHNgKPvhDN6IU0LDcnHQ90LlJ0Q6jnyBSIBA==
  dependencies:
    regenerator-runtime "^0.13.4"

"@tiki.vn/tini-style@0.1.1":
  version "0.1.1"
  resolved "https://registry.yarnpkg.com/@tiki.vn/tini-style/-/tini-style-0.1.1.tgz#6333d4b85e2a153443fadf25fd0127dc8c4d0ee4"
  integrity sha512-V0JVBhsYmQ7Ue/NZ770Do6SxnJ2uvchAu13Y2pGkSXgfNflLhAY7r/I8QOyfOxvFhlaMLLH4i1KF6amk+vw9NA==

"@tiki.vn/tini-ui@^0.1.2":
  version "0.1.2-rc.21"
  resolved "https://registry.yarnpkg.com/@tiki.vn/tini-ui/-/tini-ui-0.1.2-rc.21.tgz#802b3672c6d56cdbecad9352c709086319ee6cb7"
  integrity sha512-qEnGpm0I+p4VQUt/iBz0oshJNk+MmZoJhKVjM+kHG7wcGHmf1kSTRHW7yuZL3Pkdfmr5OOZl01wy6pXv5t2I0g==
  dependencies:
    "@babel/runtime" "^7.15.3"
    "@tiki.vn/tini-style" "0.1.1"

regenerator-runtime@^0.13.4:
  version "0.13.9"
  resolved "https://registry.yarnpkg.com/regenerator-runtime/-/regenerator-runtime-0.13.9.tgz#8925742a98ffd90814988d7566ad30ca3b263b52"
  integrity sha512-p3VT+cOEgxFsRRA9X4lkI1E+k2/CtnKtU4gcxyaCUreilL/vqI6CdZ3wxVUx3UOUg+gnUOQQcRI7BmSI656MYA==

tiki-miniapp-tnx@^0.1.1-rc.5:
  version "0.1.1-rc.5"
  resolved "https://registry.yarnpkg.com/tiki-miniapp-tnx/-/tiki-miniapp-tnx-0.1.1-rc.5.tgz#85be8fd8a1b7b213e9915a375d7e4f36119d5ab1"
  integrity sha512-8S6z2gfq5BtDOcQBoooX8Oakzjt65X+P/7DJ2CX+ip70XBgY2Kc1EvGn+IZolDWyHVMyos+ybYIWF391SbyWzA==
  dependencies:
    "@tiki.vn/tini-ui" "^0.1.2"
